
Microsoft Visual Studio Solution File, Format Version 12.00
# Visual Studio Version 16
VisualStudioVersion = 16.0.29905.134
MinimumVisualStudioVersion = 10.0.40219.1
Project("{FAE04EC0-301F-11D3-BF4B-00C04F79EFBC}") = "MultiDatacenterEncode", "MultiDatacenterEncode.csproj", "{AEF41EDE-5B01-4660-92F7-55A7198C5A10}"
EndProject
Global
	GlobalSection(SolutionConfigurationPlatforms) = preSolution
		Debug|Any CPU = Debug|Any CPU
		Release|Any CPU = Release|Any CPU
	EndGlobalSection
	GlobalSection(ProjectConfigurationPlatforms) = postSolution
		{AEF41EDE-5B01-4660-92F7-55A7198C5A10}.Debug|Any CPU.ActiveCfg = Debug|Any CPU
		{AEF41EDE-5B01-4660-92F7-55A7198C5A10}.Debug|Any CPU.Build.0 = Debug|Any CPU
		{AEF41EDE-5B01-4660-92F7-55A7198C5A10}.Release|Any CPU.ActiveCfg = Release|Any CPU
		{AEF41EDE-5B01-4660-92F7-55A7198C5A10}.Release|Any CPU.Build.0 = Release|Any CPU
	EndGlobalSection
	GlobalSection(SolutionProperties) = preSolution
		HideSolutionNode = FALSE
	EndGlobalSection
	GlobalSection(ExtensibilityGlobals) = postSolution
		EnterpriseLibraryConfigurationToolBinariesPath = packages\TransientFaultHandling.Core.5.1.1209.1\lib\NET4
		SolutionGuid = {F5456EF8-8165-4D3A-8A34-C1C1877ED1B6}
	EndGlobalSection
EndGlobal
